// !$*UTF8*$!
{
	archiveVersion = 1;
	classes = {
	};
	objectVersion = 56;
	objects = {

/* Begin PBXBuildFile section */
		0803AEB92BA9F48A0014D4F8 /* AccountSettingsIndex.plist in Resources */ = {isa = PBXBuildFile; fileRef = 0803AEB82BA9F48A0014D4F8 /* AccountSettingsIndex.plist */; };
		08069AE72BE0888500AFC24F /* UserFountainViewCell.swift in Sources */ = {isa = PBXBuildFile; fileRef = 08069AE62BE0888500AFC24F /* UserFountainViewCell.swift */; };
		08069AE92BE0892100AFC24F /* UserFountainsViewController.swift in Sources */ = {isa = PBXBuildFile; fileRef = 08069AE82BE0892100AFC24F /* UserFountainsViewController.swift */; };
		08069AEB2BE08BF800AFC24F /* FountainAnnotation.swift in Sources */ = {isa = PBXBuildFile; fileRef = 08069AEA2BE08BF800AFC24F /* FountainAnnotation.swift */; };
		081CEDBA2BBA42C600564FF1 /* ChangeEmailViewController.swift in Sources */ = {isa = PBXBuildFile; fileRef = 081CEDB92BBA42C600564FF1 /* ChangeEmailViewController.swift */; };
		0822712A2B8819A4007CD0F7 /* FountainStore.swift in Sources */ = {isa = PBXBuildFile; fileRef = 082271292B8819A4007CD0F7 /* FountainStore.swift */; };
		082DE5BF2B6B1C74008CF33A /* TapNavigationController.swift in Sources */ = {isa = PBXBuildFile; fileRef = 082DE5BE2B6B1C74008CF33A /* TapNavigationController.swift */; };
		0846809B2B8EBBAD00FF9EBE /* FountainDetailViewController.swift in Sources */ = {isa = PBXBuildFile; fileRef = 0846809A2B8EBBAD00FF9EBE /* FountainDetailViewController.swift */; };
		0851EA7F2B9CE1D40055CAED /* PersonalProfileViewController.swift in Sources */ = {isa = PBXBuildFile; fileRef = 0851EA7E2B9CE1D40055CAED /* PersonalProfileViewController.swift */; };
		0851EA812B9CE6740055CAED /* BasicSettingsTableCell.swift in Sources */ = {isa = PBXBuildFile; fileRef = 0851EA802B9CE6740055CAED /* BasicSettingsTableCell.swift */; };
		0851EA832B9CE7CA0055CAED /* ToggleSettingsTableCell.swift in Sources */ = {isa = PBXBuildFile; fileRef = 0851EA822B9CE7CA0055CAED /* ToggleSettingsTableCell.swift */; };
		0851EA852B9CE95B0055CAED /* MainSettingsIndex.plist in Resources */ = {isa = PBXBuildFile; fileRef = 0851EA842B9CE95B0055CAED /* MainSettingsIndex.plist */; };
		0851EA872B9CF0180055CAED /* SettingsTableStore.swift in Sources */ = {isa = PBXBuildFile; fileRef = 0851EA862B9CF0180055CAED /* SettingsTableStore.swift */; };
		088653732B602D4800355D6D /* AppDelegate.swift in Sources */ = {isa = PBXBuildFile; fileRef = 088653722B602D4800355D6D /* AppDelegate.swift */; };
		088653752B602D4800355D6D /* SceneDelegate.swift in Sources */ = {isa = PBXBuildFile; fileRef = 088653742B602D4800355D6D /* SceneDelegate.swift */; };
		0886537A2B602D4800355D6D /* Main.storyboard in Resources */ = {isa = PBXBuildFile; fileRef = 088653782B602D4800355D6D /* Main.storyboard */; };
		0886537C2B602D4B00355D6D /* Assets.xcassets in Resources */ = {isa = PBXBuildFile; fileRef = 0886537B2B602D4B00355D6D /* Assets.xcassets */; };
		0886537F2B602D4B00355D6D /* LaunchScreen.storyboard in Resources */ = {isa = PBXBuildFile; fileRef = 0886537D2B602D4B00355D6D /* LaunchScreen.storyboard */; };
		0886538A2B602D4B00355D6D /* Tap_iOSTests.swift in Sources */ = {isa = PBXBuildFile; fileRef = 088653892B602D4B00355D6D /* Tap_iOSTests.swift */; };
		088653942B602D4B00355D6D /* Tap_iOSUITests.swift in Sources */ = {isa = PBXBuildFile; fileRef = 088653932B602D4B00355D6D /* Tap_iOSUITests.swift */; };
		088653962B602D4B00355D6D /* Tap_iOSUITestsLaunchTests.swift in Sources */ = {isa = PBXBuildFile; fileRef = 088653952B602D4B00355D6D /* Tap_iOSUITestsLaunchTests.swift */; };
		088653A32B606FD000355D6D /* SignUpViewController.swift in Sources */ = {isa = PBXBuildFile; fileRef = 088653A22B606FD000355D6D /* SignUpViewController.swift */; };
		088653A52B606FDA00355D6D /* LoginViewController.swift in Sources */ = {isa = PBXBuildFile; fileRef = 088653A42B606FDA00355D6D /* LoginViewController.swift */; };
		088653A72B606FEA00355D6D /* ResetPasswordViewController.swift in Sources */ = {isa = PBXBuildFile; fileRef = 088653A62B606FEA00355D6D /* ResetPasswordViewController.swift */; };
		089F0B7C2B7EDE2500BFDC71 /* Fountain.swift in Sources */ = {isa = PBXBuildFile; fileRef = 089F0B7B2B7EDE2500BFDC71 /* Fountain.swift */; };
		089F0B7E2B7EE06100BFDC71 /* NewFountainViewController.swift in Sources */ = {isa = PBXBuildFile; fileRef = 089F0B7D2B7EE06100BFDC71 /* NewFountainViewController.swift */; };
		089F90532BBC7F790057CDDA /* UserProfileViewController.swift in Sources */ = {isa = PBXBuildFile; fileRef = 089F90522BBC7F790057CDDA /* UserProfileViewController.swift */; };
		089F90572BBC91A20057CDDA /* NewPostViewController.swift in Sources */ = {isa = PBXBuildFile; fileRef = 089F90562BBC91A20057CDDA /* NewPostViewController.swift */; };
		08B967AF2BBE23B400560E11 /* LaunchScreenViewController.swift in Sources */ = {isa = PBXBuildFile; fileRef = 08B967AE2BBE23B400560E11 /* LaunchScreenViewController.swift */; };
		08B967B32BBEFD5D00560E11 /* DeleteAccountViewController.swift in Sources */ = {isa = PBXBuildFile; fileRef = 08B967B22BBEFD5D00560E11 /* DeleteAccountViewController.swift */; };
		08CC112A2BCF09DD00BFD82B /* FountainReview.swift in Sources */ = {isa = PBXBuildFile; fileRef = 08CC11292BCF09DD00BFD82B /* FountainReview.swift */; };
		08D2194D2B7C0DD300CBC733 /* MapViewController.swift in Sources */ = {isa = PBXBuildFile; fileRef = 08D2194C2B7C0DD300CBC733 /* MapViewController.swift */; };
		08E7A5432B8F797200695946 /* FountainAPI.swift in Sources */ = {isa = PBXBuildFile; fileRef = 08E7A5422B8F797200695946 /* FountainAPI.swift */; };
		08E7A5452B90F1AB00695946 /* APIHelpers.swift in Sources */ = {isa = PBXBuildFile; fileRef = 08E7A5442B90F1AB00695946 /* APIHelpers.swift */; };
		08E9C8502BD0A65E00F36AD5 /* TapListViewController.swift in Sources */ = {isa = PBXBuildFile; fileRef = 08E9C84F2BD0A65E00F36AD5 /* TapListViewController.swift */; };
		08E9C8522BD0A76100F36AD5 /* SingleLabelCell.swift in Sources */ = {isa = PBXBuildFile; fileRef = 08E9C8512BD0A76100F36AD5 /* SingleLabelCell.swift */; };
		08E9C8542BD0B6D500F36AD5 /* SpinnerViewController.swift in Sources */ = {isa = PBXBuildFile; fileRef = 08E9C8532BD0B6D500F36AD5 /* SpinnerViewController.swift */; };
		08E9C8562BD169FF00F36AD5 /* PostDetailViewController.swift in Sources */ = {isa = PBXBuildFile; fileRef = 08E9C8552BD169FF00F36AD5 /* PostDetailViewController.swift */; };
		08E9C8582BD1782A00F36AD5 /* CommentCell.swift in Sources */ = {isa = PBXBuildFile; fileRef = 08E9C8572BD1782A00F36AD5 /* CommentCell.swift */; };
		08EB419B2BBF1A8500876EA1 /* AccountSettingsViewController.swift in Sources */ = {isa = PBXBuildFile; fileRef = 08EB41962BBF1A8500876EA1 /* AccountSettingsViewController.swift */; };
		08EB419C2BBF1A8500876EA1 /* ChangeUsernameViewController.swift in Sources */ = {isa = PBXBuildFile; fileRef = 08EB41972BBF1A8500876EA1 /* ChangeUsernameViewController.swift */; };
		08EB419D2BBF1A8500876EA1 /* ChangePasswordViewController.swift in Sources */ = {isa = PBXBuildFile; fileRef = 08EB41982BBF1A8500876EA1 /* ChangePasswordViewController.swift */; };
		08EB419E2BBF1A8500876EA1 /* TapSettingsViewController.swift in Sources */ = {isa = PBXBuildFile; fileRef = 08EB41992BBF1A8500876EA1 /* TapSettingsViewController.swift */; };
		08EB419F2BBF1A8500876EA1 /* MainSettingsViewController.swift in Sources */ = {isa = PBXBuildFile; fileRef = 08EB419A2BBF1A8500876EA1 /* MainSettingsViewController.swift */; };
		08EB41A12BBF1B7400876EA1 /* SocialAPI.swift in Sources */ = {isa = PBXBuildFile; fileRef = 08EB41A02BBF1B7400876EA1 /* SocialAPI.swift */; };
		08F779E12B631E5F0033ED63 /* AccountsAPI.swift in Sources */ = {isa = PBXBuildFile; fileRef = 08F779E02B631E5F0033ED63 /* AccountsAPI.swift */; };
		08F779E32B6838970033ED63 /* FeedTableViewCell.swift in Sources */ = {isa = PBXBuildFile; fileRef = 08F779E22B6838970033ED63 /* FeedTableViewCell.swift */; };
		08F779E52B6839740033ED63 /* TapFeedPost.swift in Sources */ = {isa = PBXBuildFile; fileRef = 08F779E42B6839740033ED63 /* TapFeedPost.swift */; };
		08F779E72B6839CA0033ED63 /* TapUser.swift in Sources */ = {isa = PBXBuildFile; fileRef = 08F779E62B6839CA0033ED63 /* TapUser.swift */; };
		08F779E92B6841630033ED63 /* FeedTableViewCellWithImage.swift in Sources */ = {isa = PBXBuildFile; fileRef = 08F779E82B6841630033ED63 /* FeedTableViewCellWithImage.swift */; };
		08F779EB2B6844BF0033ED63 /* FeedViewController.swift in Sources */ = {isa = PBXBuildFile; fileRef = 08F779EA2B6844BF0033ED63 /* FeedViewController.swift */; };
		08F779ED2B6882090033ED63 /* FeedPostStore.swift in Sources */ = {isa = PBXBuildFile; fileRef = 08F779EC2B6882090033ED63 /* FeedPostStore.swift */; };
		2214335428D8F575E1D92912 /* Pods_Tap_iOS.framework in Frameworks */ = {isa = PBXBuildFile; fileRef = 09759F9C86A4D42829E42E17 /* Pods_Tap_iOS.framework */; };
		DB2CF7042BD18FF4004135D6 /* LeaderboardEntry.swift in Sources */ = {isa = PBXBuildFile; fileRef = DB2CF7032BD18FF4004135D6 /* LeaderboardEntry.swift */; };
		DB2CF7062BD1900F004135D6 /* LeaderboardStore.swift in Sources */ = {isa = PBXBuildFile; fileRef = DB2CF7052BD1900F004135D6 /* LeaderboardStore.swift */; };
		DB2CF7082BD193A2004135D6 /* LeaderboardTableViewCell.swift in Sources */ = {isa = PBXBuildFile; fileRef = DB2CF7072BD193A2004135D6 /* LeaderboardTableViewCell.swift */; };
		DB2CF70A2BD195FA004135D6 /* LeaderboardViewController.swift in Sources */ = {isa = PBXBuildFile; fileRef = DB2CF7092BD195FA004135D6 /* LeaderboardViewController.swift */; };
		DB78CD6B2BE1AC00001A9384 /* Water.swift in Sources */ = {isa = PBXBuildFile; fileRef = DB78CD6A2BE1AC00001A9384 /* Water.swift */; };
		DB78CD6D2BE1B3C3001A9384 /* WaterAPI.swift in Sources */ = {isa = PBXBuildFile; fileRef = DB78CD6C2BE1B3C3001A9384 /* WaterAPI.swift */; };
		DBB108092BDB083B00EE3679 /* WaterLoggingViewController.swift in Sources */ = {isa = PBXBuildFile; fileRef = DBB108082BDB083B00EE3679 /* WaterLoggingViewController.swift */; };
/* End PBXBuildFile section */

/* Begin PBXContainerItemProxy section */
		088653862B602D4B00355D6D /* PBXContainerItemProxy */ = {
			isa = PBXContainerItemProxy;
			containerPortal = 088653672B602D4800355D6D /* Project object */;
			proxyType = 1;
			remoteGlobalIDString = 0886536E2B602D4800355D6D;
			remoteInfo = "Tap-iOS";
		};
		088653902B602D4B00355D6D /* PBXContainerItemProxy */ = {
			isa = PBXContainerItemProxy;
			containerPortal = 088653672B602D4800355D6D /* Project object */;
			proxyType = 1;
			remoteGlobalIDString = 0886536E2B602D4800355D6D;
			remoteInfo = "Tap-iOS";
		};
/* End PBXContainerItemProxy section */

/* Begin PBXFileReference section */
		0803AEB82BA9F48A0014D4F8 /* AccountSettingsIndex.plist */ = {isa = PBXFileReference; lastKnownFileType = text.plist.xml; path = AccountSettingsIndex.plist; sourceTree = "<group>"; };
		08069AE62BE0888500AFC24F /* UserFountainViewCell.swift */ = {isa = PBXFileReference; lastKnownFileType = sourcecode.swift; path = UserFountainViewCell.swift; sourceTree = "<group>"; };
		08069AE82BE0892100AFC24F /* UserFountainsViewController.swift */ = {isa = PBXFileReference; lastKnownFileType = sourcecode.swift; path = UserFountainsViewController.swift; sourceTree = "<group>"; };
		08069AEA2BE08BF800AFC24F /* FountainAnnotation.swift */ = {isa = PBXFileReference; lastKnownFileType = sourcecode.swift; path = FountainAnnotation.swift; sourceTree = "<group>"; };
		081CEDB92BBA42C600564FF1 /* ChangeEmailViewController.swift */ = {isa = PBXFileReference; lastKnownFileType = sourcecode.swift; path = ChangeEmailViewController.swift; sourceTree = "<group>"; };
		082271292B8819A4007CD0F7 /* FountainStore.swift */ = {isa = PBXFileReference; lastKnownFileType = sourcecode.swift; path = FountainStore.swift; sourceTree = "<group>"; };
		082DE5BE2B6B1C74008CF33A /* TapNavigationController.swift */ = {isa = PBXFileReference; lastKnownFileType = sourcecode.swift; path = TapNavigationController.swift; sourceTree = "<group>"; };
		0846809A2B8EBBAD00FF9EBE /* FountainDetailViewController.swift */ = {isa = PBXFileReference; lastKnownFileType = sourcecode.swift; path = FountainDetailViewController.swift; sourceTree = "<group>"; };
		0851EA7E2B9CE1D40055CAED /* PersonalProfileViewController.swift */ = {isa = PBXFileReference; lastKnownFileType = sourcecode.swift; path = PersonalProfileViewController.swift; sourceTree = "<group>"; };
		0851EA802B9CE6740055CAED /* BasicSettingsTableCell.swift */ = {isa = PBXFileReference; lastKnownFileType = sourcecode.swift; path = BasicSettingsTableCell.swift; sourceTree = "<group>"; };
		0851EA822B9CE7CA0055CAED /* ToggleSettingsTableCell.swift */ = {isa = PBXFileReference; lastKnownFileType = sourcecode.swift; path = ToggleSettingsTableCell.swift; sourceTree = "<group>"; };
		0851EA842B9CE95B0055CAED /* MainSettingsIndex.plist */ = {isa = PBXFileReference; lastKnownFileType = text.plist.xml; path = MainSettingsIndex.plist; sourceTree = "<group>"; };
		0851EA862B9CF0180055CAED /* SettingsTableStore.swift */ = {isa = PBXFileReference; lastKnownFileType = sourcecode.swift; path = SettingsTableStore.swift; sourceTree = "<group>"; };
		0886536F2B602D4800355D6D /* Tap-iOS.app */ = {isa = PBXFileReference; explicitFileType = wrapper.application; includeInIndex = 0; path = "Tap-iOS.app"; sourceTree = BUILT_PRODUCTS_DIR; };
		088653722B602D4800355D6D /* AppDelegate.swift */ = {isa = PBXFileReference; lastKnownFileType = sourcecode.swift; path = AppDelegate.swift; sourceTree = "<group>"; };
		088653742B602D4800355D6D /* SceneDelegate.swift */ = {isa = PBXFileReference; lastKnownFileType = sourcecode.swift; path = SceneDelegate.swift; sourceTree = "<group>"; };
		088653792B602D4800355D6D /* Base */ = {isa = PBXFileReference; lastKnownFileType = file.storyboard; name = Base; path = Base.lproj/Main.storyboard; sourceTree = "<group>"; };
		0886537B2B602D4B00355D6D /* Assets.xcassets */ = {isa = PBXFileReference; lastKnownFileType = folder.assetcatalog; path = Assets.xcassets; sourceTree = "<group>"; };
		0886537E2B602D4B00355D6D /* Base */ = {isa = PBXFileReference; lastKnownFileType = file.storyboard; name = Base; path = Base.lproj/LaunchScreen.storyboard; sourceTree = "<group>"; };
		088653802B602D4B00355D6D /* Info.plist */ = {isa = PBXFileReference; lastKnownFileType = text.plist.xml; path = Info.plist; sourceTree = "<group>"; };
		088653852B602D4B00355D6D /* Tap-iOSTests.xctest */ = {isa = PBXFileReference; explicitFileType = wrapper.cfbundle; includeInIndex = 0; path = "Tap-iOSTests.xctest"; sourceTree = BUILT_PRODUCTS_DIR; };
		088653892B602D4B00355D6D /* Tap_iOSTests.swift */ = {isa = PBXFileReference; lastKnownFileType = sourcecode.swift; path = Tap_iOSTests.swift; sourceTree = "<group>"; };
		0886538F2B602D4B00355D6D /* Tap-iOSUITests.xctest */ = {isa = PBXFileReference; explicitFileType = wrapper.cfbundle; includeInIndex = 0; path = "Tap-iOSUITests.xctest"; sourceTree = BUILT_PRODUCTS_DIR; };
		088653932B602D4B00355D6D /* Tap_iOSUITests.swift */ = {isa = PBXFileReference; lastKnownFileType = sourcecode.swift; path = Tap_iOSUITests.swift; sourceTree = "<group>"; };
		088653952B602D4B00355D6D /* Tap_iOSUITestsLaunchTests.swift */ = {isa = PBXFileReference; lastKnownFileType = sourcecode.swift; path = Tap_iOSUITestsLaunchTests.swift; sourceTree = "<group>"; };
		088653A22B606FD000355D6D /* SignUpViewController.swift */ = {isa = PBXFileReference; lastKnownFileType = sourcecode.swift; path = SignUpViewController.swift; sourceTree = "<group>"; };
		088653A42B606FDA00355D6D /* LoginViewController.swift */ = {isa = PBXFileReference; lastKnownFileType = sourcecode.swift; path = LoginViewController.swift; sourceTree = "<group>"; };
		088653A62B606FEA00355D6D /* ResetPasswordViewController.swift */ = {isa = PBXFileReference; lastKnownFileType = sourcecode.swift; path = ResetPasswordViewController.swift; sourceTree = "<group>"; };
		089F0B7B2B7EDE2500BFDC71 /* Fountain.swift */ = {isa = PBXFileReference; lastKnownFileType = sourcecode.swift; path = Fountain.swift; sourceTree = "<group>"; };
		089F0B7D2B7EE06100BFDC71 /* NewFountainViewController.swift */ = {isa = PBXFileReference; lastKnownFileType = sourcecode.swift; path = NewFountainViewController.swift; sourceTree = "<group>"; };
		089F90522BBC7F790057CDDA /* UserProfileViewController.swift */ = {isa = PBXFileReference; lastKnownFileType = sourcecode.swift; path = UserProfileViewController.swift; sourceTree = "<group>"; };
		089F90562BBC91A20057CDDA /* NewPostViewController.swift */ = {isa = PBXFileReference; lastKnownFileType = sourcecode.swift; path = NewPostViewController.swift; sourceTree = "<group>"; };
		08B967AE2BBE23B400560E11 /* LaunchScreenViewController.swift */ = {isa = PBXFileReference; lastKnownFileType = sourcecode.swift; path = LaunchScreenViewController.swift; sourceTree = "<group>"; };
		08B967B22BBEFD5D00560E11 /* DeleteAccountViewController.swift */ = {isa = PBXFileReference; lastKnownFileType = sourcecode.swift; path = DeleteAccountViewController.swift; sourceTree = "<group>"; };
		08CC11292BCF09DD00BFD82B /* FountainReview.swift */ = {isa = PBXFileReference; lastKnownFileType = sourcecode.swift; path = FountainReview.swift; sourceTree = "<group>"; };
		08D2194C2B7C0DD300CBC733 /* MapViewController.swift */ = {isa = PBXFileReference; lastKnownFileType = sourcecode.swift; path = MapViewController.swift; sourceTree = "<group>"; };
		08E7A5422B8F797200695946 /* FountainAPI.swift */ = {isa = PBXFileReference; lastKnownFileType = sourcecode.swift; path = FountainAPI.swift; sourceTree = "<group>"; };
		08E7A5442B90F1AB00695946 /* APIHelpers.swift */ = {isa = PBXFileReference; lastKnownFileType = sourcecode.swift; path = APIHelpers.swift; sourceTree = "<group>"; };
		08E9C84F2BD0A65E00F36AD5 /* TapListViewController.swift */ = {isa = PBXFileReference; lastKnownFileType = sourcecode.swift; path = TapListViewController.swift; sourceTree = "<group>"; };
		08E9C8512BD0A76100F36AD5 /* SingleLabelCell.swift */ = {isa = PBXFileReference; lastKnownFileType = sourcecode.swift; path = SingleLabelCell.swift; sourceTree = "<group>"; };
		08E9C8532BD0B6D500F36AD5 /* SpinnerViewController.swift */ = {isa = PBXFileReference; lastKnownFileType = sourcecode.swift; path = SpinnerViewController.swift; sourceTree = "<group>"; };
		08E9C8552BD169FF00F36AD5 /* PostDetailViewController.swift */ = {isa = PBXFileReference; lastKnownFileType = sourcecode.swift; path = PostDetailViewController.swift; sourceTree = "<group>"; };
		08E9C8572BD1782A00F36AD5 /* CommentCell.swift */ = {isa = PBXFileReference; lastKnownFileType = sourcecode.swift; path = CommentCell.swift; sourceTree = "<group>"; };
		08EB41962BBF1A8500876EA1 /* AccountSettingsViewController.swift */ = {isa = PBXFileReference; fileEncoding = 4; lastKnownFileType = sourcecode.swift; path = AccountSettingsViewController.swift; sourceTree = "<group>"; };
		08EB41972BBF1A8500876EA1 /* ChangeUsernameViewController.swift */ = {isa = PBXFileReference; fileEncoding = 4; lastKnownFileType = sourcecode.swift; path = ChangeUsernameViewController.swift; sourceTree = "<group>"; };
		08EB41982BBF1A8500876EA1 /* ChangePasswordViewController.swift */ = {isa = PBXFileReference; fileEncoding = 4; lastKnownFileType = sourcecode.swift; path = ChangePasswordViewController.swift; sourceTree = "<group>"; };
		08EB41992BBF1A8500876EA1 /* TapSettingsViewController.swift */ = {isa = PBXFileReference; fileEncoding = 4; lastKnownFileType = sourcecode.swift; path = TapSettingsViewController.swift; sourceTree = "<group>"; };
		08EB419A2BBF1A8500876EA1 /* MainSettingsViewController.swift */ = {isa = PBXFileReference; fileEncoding = 4; lastKnownFileType = sourcecode.swift; path = MainSettingsViewController.swift; sourceTree = "<group>"; };
		08EB41A02BBF1B7400876EA1 /* SocialAPI.swift */ = {isa = PBXFileReference; lastKnownFileType = sourcecode.swift; path = SocialAPI.swift; sourceTree = "<group>"; };
		08F779E02B631E5F0033ED63 /* AccountsAPI.swift */ = {isa = PBXFileReference; lastKnownFileType = sourcecode.swift; path = AccountsAPI.swift; sourceTree = "<group>"; };
		08F779E22B6838970033ED63 /* FeedTableViewCell.swift */ = {isa = PBXFileReference; lastKnownFileType = sourcecode.swift; path = FeedTableViewCell.swift; sourceTree = "<group>"; };
		08F779E42B6839740033ED63 /* TapFeedPost.swift */ = {isa = PBXFileReference; lastKnownFileType = sourcecode.swift; path = TapFeedPost.swift; sourceTree = "<group>"; };
		08F779E62B6839CA0033ED63 /* TapUser.swift */ = {isa = PBXFileReference; lastKnownFileType = sourcecode.swift; path = TapUser.swift; sourceTree = "<group>"; };
		08F779E82B6841630033ED63 /* FeedTableViewCellWithImage.swift */ = {isa = PBXFileReference; lastKnownFileType = sourcecode.swift; path = FeedTableViewCellWithImage.swift; sourceTree = "<group>"; };
		08F779EA2B6844BF0033ED63 /* FeedViewController.swift */ = {isa = PBXFileReference; lastKnownFileType = sourcecode.swift; path = FeedViewController.swift; sourceTree = "<group>"; };
		08F779EC2B6882090033ED63 /* FeedPostStore.swift */ = {isa = PBXFileReference; lastKnownFileType = sourcecode.swift; path = FeedPostStore.swift; sourceTree = "<group>"; };
		09759F9C86A4D42829E42E17 /* Pods_Tap_iOS.framework */ = {isa = PBXFileReference; explicitFileType = wrapper.framework; includeInIndex = 0; path = Pods_Tap_iOS.framework; sourceTree = BUILT_PRODUCTS_DIR; };
		12DE62DFC314FED4CF2A156D /* Pods-Tap-iOS.release.xcconfig */ = {isa = PBXFileReference; includeInIndex = 1; lastKnownFileType = text.xcconfig; name = "Pods-Tap-iOS.release.xcconfig"; path = "Target Support Files/Pods-Tap-iOS/Pods-Tap-iOS.release.xcconfig"; sourceTree = "<group>"; };
		B696BDE726B50EFA6E4B45D4 /* Pods-Tap-iOS.debug.xcconfig */ = {isa = PBXFileReference; includeInIndex = 1; lastKnownFileType = text.xcconfig; name = "Pods-Tap-iOS.debug.xcconfig"; path = "Target Support Files/Pods-Tap-iOS/Pods-Tap-iOS.debug.xcconfig"; sourceTree = "<group>"; };
		DB2CF7032BD18FF4004135D6 /* LeaderboardEntry.swift */ = {isa = PBXFileReference; lastKnownFileType = sourcecode.swift; path = LeaderboardEntry.swift; sourceTree = "<group>"; };
		DB2CF7052BD1900F004135D6 /* LeaderboardStore.swift */ = {isa = PBXFileReference; lastKnownFileType = sourcecode.swift; path = LeaderboardStore.swift; sourceTree = "<group>"; };
		DB2CF7072BD193A2004135D6 /* LeaderboardTableViewCell.swift */ = {isa = PBXFileReference; lastKnownFileType = sourcecode.swift; path = LeaderboardTableViewCell.swift; sourceTree = "<group>"; };
		DB2CF7092BD195FA004135D6 /* LeaderboardViewController.swift */ = {isa = PBXFileReference; lastKnownFileType = sourcecode.swift; path = LeaderboardViewController.swift; sourceTree = "<group>"; };
		DB78CD6A2BE1AC00001A9384 /* Water.swift */ = {isa = PBXFileReference; lastKnownFileType = sourcecode.swift; path = Water.swift; sourceTree = "<group>"; };
		DB78CD6C2BE1B3C3001A9384 /* WaterAPI.swift */ = {isa = PBXFileReference; lastKnownFileType = sourcecode.swift; path = WaterAPI.swift; sourceTree = "<group>"; };
		DBB108082BDB083B00EE3679 /* WaterLoggingViewController.swift */ = {isa = PBXFileReference; lastKnownFileType = sourcecode.swift; path = WaterLoggingViewController.swift; sourceTree = "<group>"; };
/* End PBXFileReference section */

/* Begin PBXFrameworksBuildPhase section */
		0886536C2B602D4800355D6D /* Frameworks */ = {
			isa = PBXFrameworksBuildPhase;
			buildActionMask = 2147483647;
			files = (
				2214335428D8F575E1D92912 /* Pods_Tap_iOS.framework in Frameworks */,
			);
			runOnlyForDeploymentPostprocessing = 0;
		};
		088653822B602D4B00355D6D /* Frameworks */ = {
			isa = PBXFrameworksBuildPhase;
			buildActionMask = 2147483647;
			files = (
			);
			runOnlyForDeploymentPostprocessing = 0;
		};
		0886538C2B602D4B00355D6D /* Frameworks */ = {
			isa = PBXFrameworksBuildPhase;
			buildActionMask = 2147483647;
			files = (
			);
			runOnlyForDeploymentPostprocessing = 0;
		};
/* End PBXFrameworksBuildPhase section */

/* Begin PBXGroup section */
		081CEDB22BACC5BA00564FF1 /* API Objects */ = {
			isa = PBXGroup;
			children = (
				08E7A5422B8F797200695946 /* FountainAPI.swift */,
				DB78CD6C2BE1B3C3001A9384 /* WaterAPI.swift */,
				08F779E02B631E5F0033ED63 /* AccountsAPI.swift */,
				08E7A5442B90F1AB00695946 /* APIHelpers.swift */,
				08EB41A02BBF1B7400876EA1 /* SocialAPI.swift */,
			);
			path = "API Objects";
			sourceTree = "<group>";
		};
		087ECE372B6AB06400F27DB7 /* OnboardingVCs */ = {
			isa = PBXGroup;
			children = (
				08B967AE2BBE23B400560E11 /* LaunchScreenViewController.swift */,
				088653A22B606FD000355D6D /* SignUpViewController.swift */,
				088653A42B606FDA00355D6D /* LoginViewController.swift */,
				088653A62B606FEA00355D6D /* ResetPasswordViewController.swift */,
			);
			path = OnboardingVCs;
			sourceTree = "<group>";
		};
		088653662B602D4800355D6D = {
			isa = PBXGroup;
			children = (
				088653712B602D4800355D6D /* Tap-iOS */,
				088653882B602D4B00355D6D /* Tap-iOSTests */,
				088653922B602D4B00355D6D /* Tap-iOSUITests */,
				088653702B602D4800355D6D /* Products */,
				A7998B4607A5B2326C7FD795 /* Pods */,
				4ED23F5D43646BBF704C2ED8 /* Frameworks */,
			);
			sourceTree = "<group>";
		};
		088653702B602D4800355D6D /* Products */ = {
			isa = PBXGroup;
			children = (
				0886536F2B602D4800355D6D /* Tap-iOS.app */,
				088653852B602D4B00355D6D /* Tap-iOSTests.xctest */,
				0886538F2B602D4B00355D6D /* Tap-iOSUITests.xctest */,
			);
			name = Products;
			sourceTree = "<group>";
		};
		088653712B602D4800355D6D /* Tap-iOS */ = {
			isa = PBXGroup;
			children = (
				088653722B602D4800355D6D /* AppDelegate.swift */,
				088653742B602D4800355D6D /* SceneDelegate.swift */,
				088653782B602D4800355D6D /* Main.storyboard */,
				081CEDB22BACC5BA00564FF1 /* API Objects */,
				089F0B7A2B7EDE0D00BFDC71 /* Model Objects */,
				089F90552BBC880A0057CDDA /* Data Stores */,
				08F779DF2B631E2F0033ED63 /* View Controllers */,
				0886537B2B602D4B00355D6D /* Assets.xcassets */,
				0886537D2B602D4B00355D6D /* LaunchScreen.storyboard */,
				088653802B602D4B00355D6D /* Info.plist */,
				0851EA842B9CE95B0055CAED /* MainSettingsIndex.plist */,
				0803AEB82BA9F48A0014D4F8 /* AccountSettingsIndex.plist */,
			);
			path = "Tap-iOS";
			sourceTree = "<group>";
		};
		088653882B602D4B00355D6D /* Tap-iOSTests */ = {
			isa = PBXGroup;
			children = (
				088653892B602D4B00355D6D /* Tap_iOSTests.swift */,
			);
			path = "Tap-iOSTests";
			sourceTree = "<group>";
		};
		088653922B602D4B00355D6D /* Tap-iOSUITests */ = {
			isa = PBXGroup;
			children = (
				088653932B602D4B00355D6D /* Tap_iOSUITests.swift */,
				088653952B602D4B00355D6D /* Tap_iOSUITestsLaunchTests.swift */,
			);
			path = "Tap-iOSUITests";
			sourceTree = "<group>";
		};
		089F0B7A2B7EDE0D00BFDC71 /* Model Objects */ = {
			isa = PBXGroup;
			children = (
				08F779E42B6839740033ED63 /* TapFeedPost.swift */,
				08F779E62B6839CA0033ED63 /* TapUser.swift */,
				089F0B7B2B7EDE2500BFDC71 /* Fountain.swift */,
				08CC11292BCF09DD00BFD82B /* FountainReview.swift */,
				DB2CF7032BD18FF4004135D6 /* LeaderboardEntry.swift */,
				DB78CD6A2BE1AC00001A9384 /* Water.swift */,
				08069AEA2BE08BF800AFC24F /* FountainAnnotation.swift */,
			);
			path = "Model Objects";
			sourceTree = "<group>";
		};
		089F90542BBC87660057CDDA /* SettingsViewControllers */ = {
			isa = PBXGroup;
			children = (
				08B967B22BBEFD5D00560E11 /* DeleteAccountViewController.swift */,
				08EB41962BBF1A8500876EA1 /* AccountSettingsViewController.swift */,
				08EB41982BBF1A8500876EA1 /* ChangePasswordViewController.swift */,
				08EB41972BBF1A8500876EA1 /* ChangeUsernameViewController.swift */,
				08EB419A2BBF1A8500876EA1 /* MainSettingsViewController.swift */,
				08EB41992BBF1A8500876EA1 /* TapSettingsViewController.swift */,
				081CEDB92BBA42C600564FF1 /* ChangeEmailViewController.swift */,
			);
			path = SettingsViewControllers;
			sourceTree = "<group>";
		};
		089F90552BBC880A0057CDDA /* Data Stores */ = {
			isa = PBXGroup;
			children = (
				08F779EC2B6882090033ED63 /* FeedPostStore.swift */,
				082271292B8819A4007CD0F7 /* FountainStore.swift */,
				0851EA862B9CF0180055CAED /* SettingsTableStore.swift */,
				DB2CF7052BD1900F004135D6 /* LeaderboardStore.swift */,
			);
			path = "Data Stores";
			sourceTree = "<group>";
		};
		08A843A22BE42F6D00B0CE20 /* FountainVCs */ = {
			isa = PBXGroup;
			children = (
				08D2194C2B7C0DD300CBC733 /* MapViewController.swift */,
				089F0B7D2B7EE06100BFDC71 /* NewFountainViewController.swift */,
				0846809A2B8EBBAD00FF9EBE /* FountainDetailViewController.swift */,
			);
			path = FountainVCs;
			sourceTree = "<group>";
		};
		08A843A32BE42FA500B0CE20 /* SocialVCs */ = {
			isa = PBXGroup;
			children = (
				08F779EA2B6844BF0033ED63 /* FeedViewController.swift */,
				089F90562BBC91A20057CDDA /* NewPostViewController.swift */,
				08E9C8552BD169FF00F36AD5 /* PostDetailViewController.swift */,
			);
			path = SocialVCs;
			sourceTree = "<group>";
		};
		08A843A42BE42FD700B0CE20 /* ProfileVCs */ = {
			isa = PBXGroup;
			children = (
				0851EA7E2B9CE1D40055CAED /* PersonalProfileViewController.swift */,
				089F90522BBC7F790057CDDA /* UserProfileViewController.swift */,
				08E9C84F2BD0A65E00F36AD5 /* TapListViewController.swift */,
				08069AE82BE0892100AFC24F /* UserFountainsViewController.swift */,
			);
			path = ProfileVCs;
			sourceTree = "<group>";
		};
		08D2194B2B7C0DA500CBC733 /* Cells */ = {
			isa = PBXGroup;
			children = (
				08F779E22B6838970033ED63 /* FeedTableViewCell.swift */,
				08F779E82B6841630033ED63 /* FeedTableViewCellWithImage.swift */,
				0851EA802B9CE6740055CAED /* BasicSettingsTableCell.swift */,
				0851EA822B9CE7CA0055CAED /* ToggleSettingsTableCell.swift */,
				08E9C8512BD0A76100F36AD5 /* SingleLabelCell.swift */,
				08E9C8572BD1782A00F36AD5 /* CommentCell.swift */,
				DB2CF7072BD193A2004135D6 /* LeaderboardTableViewCell.swift */,
				08069AE62BE0888500AFC24F /* UserFountainViewCell.swift */,
			);
			path = Cells;
			sourceTree = "<group>";
		};
		08F779DF2B631E2F0033ED63 /* View Controllers */ = {
			isa = PBXGroup;
			children = (
				089F90542BBC87660057CDDA /* SettingsViewControllers */,
				087ECE372B6AB06400F27DB7 /* OnboardingVCs */,
				08D2194B2B7C0DA500CBC733 /* Cells */,
				08A843A22BE42F6D00B0CE20 /* FountainVCs */,
				08A843A32BE42FA500B0CE20 /* SocialVCs */,
				08A843A42BE42FD700B0CE20 /* ProfileVCs */,
				DB2CF7092BD195FA004135D6 /* LeaderboardViewController.swift */,
				082DE5BE2B6B1C74008CF33A /* TapNavigationController.swift */,
				08E9C8532BD0B6D500F36AD5 /* SpinnerViewController.swift */,
				DBB108082BDB083B00EE3679 /* WaterLoggingViewController.swift */,
			);
			path = "View Controllers";
			sourceTree = "<group>";
		};
		4ED23F5D43646BBF704C2ED8 /* Frameworks */ = {
			isa = PBXGroup;
			children = (
				09759F9C86A4D42829E42E17 /* Pods_Tap_iOS.framework */,
			);
			name = Frameworks;
			sourceTree = "<group>";
		};
		A7998B4607A5B2326C7FD795 /* Pods */ = {
			isa = PBXGroup;
			children = (
				B696BDE726B50EFA6E4B45D4 /* Pods-Tap-iOS.debug.xcconfig */,
				12DE62DFC314FED4CF2A156D /* Pods-Tap-iOS.release.xcconfig */,
			);
			path = Pods;
			sourceTree = "<group>";
		};
/* End PBXGroup section */

/* Begin PBXNativeTarget section */
		0886536E2B602D4800355D6D /* Tap-iOS */ = {
			isa = PBXNativeTarget;
			buildConfigurationList = 088653992B602D4B00355D6D /* Build configuration list for PBXNativeTarget "Tap-iOS" */;
			buildPhases = (
				90B5FB27547172E11ECD1973 /* [CP] Check Pods Manifest.lock */,
				0886536B2B602D4800355D6D /* Sources */,
				0886536C2B602D4800355D6D /* Frameworks */,
				0886536D2B602D4800355D6D /* Resources */,
				20B594D6560E6CE9B59E1480 /* [CP] Embed Pods Frameworks */,
			);
			buildRules = (
			);
			dependencies = (
			);
			name = "Tap-iOS";
			productName = "Tap-iOS";
			productReference = 0886536F2B602D4800355D6D /* Tap-iOS.app */;
			productType = "com.apple.product-type.application";
		};
		088653842B602D4B00355D6D /* Tap-iOSTests */ = {
			isa = PBXNativeTarget;
			buildConfigurationList = 0886539C2B602D4B00355D6D /* Build configuration list for PBXNativeTarget "Tap-iOSTests" */;
			buildPhases = (
				088653812B602D4B00355D6D /* Sources */,
				088653822B602D4B00355D6D /* Frameworks */,
				088653832B602D4B00355D6D /* Resources */,
			);
			buildRules = (
			);
			dependencies = (
				088653872B602D4B00355D6D /* PBXTargetDependency */,
			);
			name = "Tap-iOSTests";
			productName = "Tap-iOSTests";
			productReference = 088653852B602D4B00355D6D /* Tap-iOSTests.xctest */;
			productType = "com.apple.product-type.bundle.unit-test";
		};
		0886538E2B602D4B00355D6D /* Tap-iOSUITests */ = {
			isa = PBXNativeTarget;
			buildConfigurationList = 0886539F2B602D4B00355D6D /* Build configuration list for PBXNativeTarget "Tap-iOSUITests" */;
			buildPhases = (
				0886538B2B602D4B00355D6D /* Sources */,
				0886538C2B602D4B00355D6D /* Frameworks */,
				0886538D2B602D4B00355D6D /* Resources */,
			);
			buildRules = (
			);
			dependencies = (
				088653912B602D4B00355D6D /* PBXTargetDependency */,
			);
			name = "Tap-iOSUITests";
			productName = "Tap-iOSUITests";
			productReference = 0886538F2B602D4B00355D6D /* Tap-iOSUITests.xctest */;
			productType = "com.apple.product-type.bundle.ui-testing";
		};
/* End PBXNativeTarget section */

/* Begin PBXProject section */
		088653672B602D4800355D6D /* Project object */ = {
			isa = PBXProject;
			attributes = {
				BuildIndependentTargetsInParallel = 1;
				LastSwiftUpdateCheck = 1520;
				LastUpgradeCheck = 1520;
				TargetAttributes = {
					0886536E2B602D4800355D6D = {
						CreatedOnToolsVersion = 15.2;
					};
					088653842B602D4B00355D6D = {
						CreatedOnToolsVersion = 15.2;
						TestTargetID = 0886536E2B602D4800355D6D;
					};
					0886538E2B602D4B00355D6D = {
						CreatedOnToolsVersion = 15.2;
						TestTargetID = 0886536E2B602D4800355D6D;
					};
				};
			};
			buildConfigurationList = 0886536A2B602D4800355D6D /* Build configuration list for PBXProject "Tap-iOS" */;
			compatibilityVersion = "Xcode 14.0";
			developmentRegion = en;
			hasScannedForEncodings = 0;
			knownRegions = (
				en,
				Base,
			);
			mainGroup = 088653662B602D4800355D6D;
			productRefGroup = 088653702B602D4800355D6D /* Products */;
			projectDirPath = "";
			projectRoot = "";
			targets = (
				0886536E2B602D4800355D6D /* Tap-iOS */,
				088653842B602D4B00355D6D /* Tap-iOSTests */,
				0886538E2B602D4B00355D6D /* Tap-iOSUITests */,
			);
		};
/* End PBXProject section */

/* Begin PBXResourcesBuildPhase section */
		0886536D2B602D4800355D6D /* Resources */ = {
			isa = PBXResourcesBuildPhase;
			buildActionMask = 2147483647;
			files = (
				0803AEB92BA9F48A0014D4F8 /* AccountSettingsIndex.plist in Resources */,
				0886537F2B602D4B00355D6D /* LaunchScreen.storyboard in Resources */,
				0886537C2B602D4B00355D6D /* Assets.xcassets in Resources */,
				0851EA852B9CE95B0055CAED /* MainSettingsIndex.plist in Resources */,
				0886537A2B602D4800355D6D /* Main.storyboard in Resources */,
			);
			runOnlyForDeploymentPostprocessing = 0;
		};
		088653832B602D4B00355D6D /* Resources */ = {
			isa = PBXResourcesBuildPhase;
			buildActionMask = 2147483647;
			files = (
			);
			runOnlyForDeploymentPostprocessing = 0;
		};
		0886538D2B602D4B00355D6D /* Resources */ = {
			isa = PBXResourcesBuildPhase;
			buildActionMask = 2147483647;
			files = (
			);
			runOnlyForDeploymentPostprocessing = 0;
		};
/* End PBXResourcesBuildPhase section */

/* Begin PBXShellScriptBuildPhase section */
		20B594D6560E6CE9B59E1480 /* [CP] Embed Pods Frameworks */ = {
			isa = PBXShellScriptBuildPhase;
			buildActionMask = 2147483647;
			files = (
			);
			inputFileListPaths = (
				"${PODS_ROOT}/Target Support Files/Pods-Tap-iOS/Pods-Tap-iOS-frameworks-${CONFIGURATION}-input-files.xcfilelist",
			);
			name = "[CP] Embed Pods Frameworks";
			outputFileListPaths = (
				"${PODS_ROOT}/Target Support Files/Pods-Tap-iOS/Pods-Tap-iOS-frameworks-${CONFIGURATION}-output-files.xcfilelist",
			);
			runOnlyForDeploymentPostprocessing = 0;
			shellPath = /bin/sh;
			shellScript = "\"${PODS_ROOT}/Target Support Files/Pods-Tap-iOS/Pods-Tap-iOS-frameworks.sh\"\n";
			showEnvVarsInLog = 0;
		};
		90B5FB27547172E11ECD1973 /* [CP] Check Pods Manifest.lock */ = {
			isa = PBXShellScriptBuildPhase;
			buildActionMask = 2147483647;
			files = (
			);
			inputFileListPaths = (
			);
			inputPaths = (
				"${PODS_PODFILE_DIR_PATH}/Podfile.lock",
				"${PODS_ROOT}/Manifest.lock",
			);
			name = "[CP] Check Pods Manifest.lock";
			outputFileListPaths = (
			);
			outputPaths = (
				"$(DERIVED_FILE_DIR)/Pods-Tap-iOS-checkManifestLockResult.txt",
			);
			runOnlyForDeploymentPostprocessing = 0;
			shellPath = /bin/sh;
			shellScript = "diff \"${PODS_PODFILE_DIR_PATH}/Podfile.lock\" \"${PODS_ROOT}/Manifest.lock\" > /dev/null\nif [ $? != 0 ] ; then\n    # print error to STDERR\n    echo \"error: The sandbox is not in sync with the Podfile.lock. Run 'pod install' or update your CocoaPods installation.\" >&2\n    exit 1\nfi\n# This output is used by Xcode 'outputs' to avoid re-running this script phase.\necho \"SUCCESS\" > \"${SCRIPT_OUTPUT_FILE_0}\"\n";
			showEnvVarsInLog = 0;
		};
/* End PBXShellScriptBuildPhase section */

/* Begin PBXSourcesBuildPhase section */
		0886536B2B602D4800355D6D /* Sources */ = {
			isa = PBXSourcesBuildPhase;
			buildActionMask = 2147483647;
			files = (
				08E7A5452B90F1AB00695946 /* APIHelpers.swift in Sources */,
				08F779E72B6839CA0033ED63 /* TapUser.swift in Sources */,
				088653732B602D4800355D6D /* AppDelegate.swift in Sources */,
				08069AE92BE0892100AFC24F /* UserFountainsViewController.swift in Sources */,
				DB2CF70A2BD195FA004135D6 /* LeaderboardViewController.swift in Sources */,
				08EB419E2BBF1A8500876EA1 /* TapSettingsViewController.swift in Sources */,
				08F779E92B6841630033ED63 /* FeedTableViewCellWithImage.swift in Sources */,
				DBB108092BDB083B00EE3679 /* WaterLoggingViewController.swift in Sources */,
				08B967B32BBEFD5D00560E11 /* DeleteAccountViewController.swift in Sources */,
				082DE5BF2B6B1C74008CF33A /* TapNavigationController.swift in Sources */,
				089F90572BBC91A20057CDDA /* NewPostViewController.swift in Sources */,
				081CEDBA2BBA42C600564FF1 /* ChangeEmailViewController.swift in Sources */,
				088653A32B606FD000355D6D /* SignUpViewController.swift in Sources */,
				08EB419F2BBF1A8500876EA1 /* MainSettingsViewController.swift in Sources */,
				08EB419D2BBF1A8500876EA1 /* ChangePasswordViewController.swift in Sources */,
				08F779E32B6838970033ED63 /* FeedTableViewCell.swift in Sources */,
				08EB419C2BBF1A8500876EA1 /* ChangeUsernameViewController.swift in Sources */,
				08069AE72BE0888500AFC24F /* UserFountainViewCell.swift in Sources */,
				08F779ED2B6882090033ED63 /* FeedPostStore.swift in Sources */,
				08E9C8582BD1782A00F36AD5 /* CommentCell.swift in Sources */,
				08E7A5432B8F797200695946 /* FountainAPI.swift in Sources */,
				DB2CF7042BD18FF4004135D6 /* LeaderboardEntry.swift in Sources */,
				08E9C8542BD0B6D500F36AD5 /* SpinnerViewController.swift in Sources */,
				08E9C8562BD169FF00F36AD5 /* PostDetailViewController.swift in Sources */,
				08B967AF2BBE23B400560E11 /* LaunchScreenViewController.swift in Sources */,
				0851EA872B9CF0180055CAED /* SettingsTableStore.swift in Sources */,
				089F0B7E2B7EE06100BFDC71 /* NewFountainViewController.swift in Sources */,
				08F779E52B6839740033ED63 /* TapFeedPost.swift in Sources */,
				088653A72B606FEA00355D6D /* ResetPasswordViewController.swift in Sources */,
				08EB419B2BBF1A8500876EA1 /* AccountSettingsViewController.swift in Sources */,
				08E9C8522BD0A76100F36AD5 /* SingleLabelCell.swift in Sources */,
				089F0B7C2B7EDE2500BFDC71 /* Fountain.swift in Sources */,
				0822712A2B8819A4007CD0F7 /* FountainStore.swift in Sources */,
				DB2CF7082BD193A2004135D6 /* LeaderboardTableViewCell.swift in Sources */,
				088653A52B606FDA00355D6D /* LoginViewController.swift in Sources */,
				0851EA832B9CE7CA0055CAED /* ToggleSettingsTableCell.swift in Sources */,
				089F90532BBC7F790057CDDA /* UserProfileViewController.swift in Sources */,
				0846809B2B8EBBAD00FF9EBE /* FountainDetailViewController.swift in Sources */,
				08EB41A12BBF1B7400876EA1 /* SocialAPI.swift in Sources */,
				08CC112A2BCF09DD00BFD82B /* FountainReview.swift in Sources */,
				0851EA812B9CE6740055CAED /* BasicSettingsTableCell.swift in Sources */,
				DB78CD6D2BE1B3C3001A9384 /* WaterAPI.swift in Sources */,
				08069AEB2BE08BF800AFC24F /* FountainAnnotation.swift in Sources */,
				08F779E12B631E5F0033ED63 /* AccountsAPI.swift in Sources */,
				DB2CF7062BD1900F004135D6 /* LeaderboardStore.swift in Sources */,
				088653752B602D4800355D6D /* SceneDelegate.swift in Sources */,
				08E9C8502BD0A65E00F36AD5 /* TapListViewController.swift in Sources */,
				0851EA7F2B9CE1D40055CAED /* PersonalProfileViewController.swift in Sources */,
				08F779EB2B6844BF0033ED63 /* FeedViewController.swift in Sources */,
				DB78CD6B2BE1AC00001A9384 /* Water.swift in Sources */,
				08D2194D2B7C0DD300CBC733 /* MapViewController.swift in Sources */,
			);
			runOnlyForDeploymentPostprocessing = 0;
		};
		088653812B602D4B00355D6D /* Sources */ = {
			isa = PBXSourcesBuildPhase;
			buildActionMask = 2147483647;
			files = (
				0886538A2B602D4B00355D6D /* Tap_iOSTests.swift in Sources */,
			);
			runOnlyForDeploymentPostprocessing = 0;
		};
		0886538B2B602D4B00355D6D /* Sources */ = {
			isa = PBXSourcesBuildPhase;
			buildActionMask = 2147483647;
			files = (
				088653962B602D4B00355D6D /* Tap_iOSUITestsLaunchTests.swift in Sources */,
				088653942B602D4B00355D6D /* Tap_iOSUITests.swift in Sources */,
			);
			runOnlyForDeploymentPostprocessing = 0;
		};
/* End PBXSourcesBuildPhase section */

/* Begin PBXTargetDependency section */
		088653872B602D4B00355D6D /* PBXTargetDependency */ = {
			isa = PBXTargetDependency;
			target = 0886536E2B602D4800355D6D /* Tap-iOS */;
			targetProxy = 088653862B602D4B00355D6D /* PBXContainerItemProxy */;
		};
		088653912B602D4B00355D6D /* PBXTargetDependency */ = {
			isa = PBXTargetDependency;
			target = 0886536E2B602D4800355D6D /* Tap-iOS */;
			targetProxy = 088653902B602D4B00355D6D /* PBXContainerItemProxy */;
		};
/* End PBXTargetDependency section */

/* Begin PBXVariantGroup section */
		088653782B602D4800355D6D /* Main.storyboard */ = {
			isa = PBXVariantGroup;
			children = (
				088653792B602D4800355D6D /* Base */,
			);
			name = Main.storyboard;
			sourceTree = "<group>";
		};
		0886537D2B602D4B00355D6D /* LaunchScreen.storyboard */ = {
			isa = PBXVariantGroup;
			children = (
				0886537E2B602D4B00355D6D /* Base */,
			);
			name = LaunchScreen.storyboard;
			sourceTree = "<group>";
		};
/* End PBXVariantGroup section */

/* Begin XCBuildConfiguration section */
		088653972B602D4B00355D6D /* Debug */ = {
			isa = XCBuildConfiguration;
			buildSettings = {
				ALWAYS_SEARCH_USER_PATHS = NO;
				ASSETCATALOG_COMPILER_GENERATE_SWIFT_ASSET_SYMBOL_EXTENSIONS = YES;
				CLANG_ANALYZER_NONNULL = YES;
				CLANG_ANALYZER_NUMBER_OBJECT_CONVERSION = YES_AGGRESSIVE;
				CLANG_CXX_LANGUAGE_STANDARD = "gnu++20";
				CLANG_ENABLE_MODULES = YES;
				CLANG_ENABLE_OBJC_ARC = YES;
				CLANG_ENABLE_OBJC_WEAK = YES;
				CLANG_WARN_BLOCK_CAPTURE_AUTORELEASING = YES;
				CLANG_WARN_BOOL_CONVERSION = YES;
				CLANG_WARN_COMMA = YES;
				CLANG_WARN_CONSTANT_CONVERSION = YES;
				CLANG_WARN_DEPRECATED_OBJC_IMPLEMENTATIONS = YES;
				CLANG_WARN_DIRECT_OBJC_ISA_USAGE = YES_ERROR;
				CLANG_WARN_DOCUMENTATION_COMMENTS = YES;
				CLANG_WARN_EMPTY_BODY = YES;
				CLANG_WARN_ENUM_CONVERSION = YES;
				CLANG_WARN_INFINITE_RECURSION = YES;
				CLANG_WARN_INT_CONVERSION = YES;
				CLANG_WARN_NON_LITERAL_NULL_CONVERSION = YES;
				CLANG_WARN_OBJC_IMPLICIT_RETAIN_SELF = YES;
				CLANG_WARN_OBJC_LITERAL_CONVERSION = YES;
				CLANG_WARN_OBJC_ROOT_CLASS = YES_ERROR;
				CLANG_WARN_QUOTED_INCLUDE_IN_FRAMEWORK_HEADER = YES;
				CLANG_WARN_RANGE_LOOP_ANALYSIS = YES;
				CLANG_WARN_STRICT_PROTOTYPES = YES;
				CLANG_WARN_SUSPICIOUS_MOVE = YES;
				CLANG_WARN_UNGUARDED_AVAILABILITY = YES_AGGRESSIVE;
				CLANG_WARN_UNREACHABLE_CODE = YES;
				CLANG_WARN__DUPLICATE_METHOD_MATCH = YES;
				COPY_PHASE_STRIP = NO;
				DEBUG_INFORMATION_FORMAT = dwarf;
				ENABLE_STRICT_OBJC_MSGSEND = YES;
				ENABLE_TESTABILITY = YES;
				ENABLE_USER_SCRIPT_SANDBOXING = YES;
				GCC_C_LANGUAGE_STANDARD = gnu17;
				GCC_DYNAMIC_NO_PIC = NO;
				GCC_NO_COMMON_BLOCKS = YES;
				GCC_OPTIMIZATION_LEVEL = 0;
				GCC_PREPROCESSOR_DEFINITIONS = (
					"DEBUG=1",
					"$(inherited)",
				);
				GCC_WARN_64_TO_32_BIT_CONVERSION = YES;
				GCC_WARN_ABOUT_RETURN_TYPE = YES_ERROR;
				GCC_WARN_UNDECLARED_SELECTOR = YES;
				GCC_WARN_UNINITIALIZED_AUTOS = YES_AGGRESSIVE;
				GCC_WARN_UNUSED_FUNCTION = YES;
				GCC_WARN_UNUSED_VARIABLE = YES;
				IPHONEOS_DEPLOYMENT_TARGET = 17.2;
				LOCALIZATION_PREFERS_STRING_CATALOGS = YES;
				MTL_ENABLE_DEBUG_INFO = INCLUDE_SOURCE;
				MTL_FAST_MATH = YES;
				ONLY_ACTIVE_ARCH = YES;
				SDKROOT = iphoneos;
				SWIFT_ACTIVE_COMPILATION_CONDITIONS = "DEBUG $(inherited)";
				SWIFT_OPTIMIZATION_LEVEL = "-Onone";
			};
			name = Debug;
		};
		088653982B602D4B00355D6D /* Release */ = {
			isa = XCBuildConfiguration;
			buildSettings = {
				ALWAYS_SEARCH_USER_PATHS = NO;
				ASSETCATALOG_COMPILER_GENERATE_SWIFT_ASSET_SYMBOL_EXTENSIONS = YES;
				CLANG_ANALYZER_NONNULL = YES;
				CLANG_ANALYZER_NUMBER_OBJECT_CONVERSION = YES_AGGRESSIVE;
				CLANG_CXX_LANGUAGE_STANDARD = "gnu++20";
				CLANG_ENABLE_MODULES = YES;
				CLANG_ENABLE_OBJC_ARC = YES;
				CLANG_ENABLE_OBJC_WEAK = YES;
				CLANG_WARN_BLOCK_CAPTURE_AUTORELEASING = YES;
				CLANG_WARN_BOOL_CONVERSION = YES;
				CLANG_WARN_COMMA = YES;
				CLANG_WARN_CONSTANT_CONVERSION = YES;
				CLANG_WARN_DEPRECATED_OBJC_IMPLEMENTATIONS = YES;
				CLANG_WARN_DIRECT_OBJC_ISA_USAGE = YES_ERROR;
				CLANG_WARN_DOCUMENTATION_COMMENTS = YES;
				CLANG_WARN_EMPTY_BODY = YES;
				CLANG_WARN_ENUM_CONVERSION = YES;
				CLANG_WARN_INFINITE_RECURSION = YES;
				CLANG_WARN_INT_CONVERSION = YES;
				CLANG_WARN_NON_LITERAL_NULL_CONVERSION = YES;
				CLANG_WARN_OBJC_IMPLICIT_RETAIN_SELF = YES;
				CLANG_WARN_OBJC_LITERAL_CONVERSION = YES;
				CLANG_WARN_OBJC_ROOT_CLASS = YES_ERROR;
				CLANG_WARN_QUOTED_INCLUDE_IN_FRAMEWORK_HEADER = YES;
				CLANG_WARN_RANGE_LOOP_ANALYSIS = YES;
				CLANG_WARN_STRICT_PROTOTYPES = YES;
				CLANG_WARN_SUSPICIOUS_MOVE = YES;
				CLANG_WARN_UNGUARDED_AVAILABILITY = YES_AGGRESSIVE;
				CLANG_WARN_UNREACHABLE_CODE = YES;
				CLANG_WARN__DUPLICATE_METHOD_MATCH = YES;
				COPY_PHASE_STRIP = NO;
				DEBUG_INFORMATION_FORMAT = "dwarf-with-dsym";
				ENABLE_NS_ASSERTIONS = NO;
				ENABLE_STRICT_OBJC_MSGSEND = YES;
				ENABLE_USER_SCRIPT_SANDBOXING = YES;
				GCC_C_LANGUAGE_STANDARD = gnu17;
				GCC_NO_COMMON_BLOCKS = YES;
				GCC_WARN_64_TO_32_BIT_CONVERSION = YES;
				GCC_WARN_ABOUT_RETURN_TYPE = YES_ERROR;
				GCC_WARN_UNDECLARED_SELECTOR = YES;
				GCC_WARN_UNINITIALIZED_AUTOS = YES_AGGRESSIVE;
				GCC_WARN_UNUSED_FUNCTION = YES;
				GCC_WARN_UNUSED_VARIABLE = YES;
				IPHONEOS_DEPLOYMENT_TARGET = 17.2;
				LOCALIZATION_PREFERS_STRING_CATALOGS = YES;
				MTL_ENABLE_DEBUG_INFO = NO;
				MTL_FAST_MATH = YES;
				SDKROOT = iphoneos;
				SWIFT_COMPILATION_MODE = wholemodule;
				VALIDATE_PRODUCT = YES;
			};
			name = Release;
		};
		0886539A2B602D4B00355D6D /* Debug */ = {
			isa = XCBuildConfiguration;
			baseConfigurationReference = B696BDE726B50EFA6E4B45D4 /* Pods-Tap-iOS.debug.xcconfig */;
			buildSettings = {
				ASSETCATALOG_COMPILER_APPICON_NAME = "AppIcon v2";
				ASSETCATALOG_COMPILER_GLOBAL_ACCENT_COLOR_NAME = AccentColor;
				CODE_SIGN_STYLE = Automatic;
				CURRENT_PROJECT_VERSION = 1;
				DEVELOPMENT_TEAM = 38T4963794;
				ENABLE_USER_SCRIPT_SANDBOXING = NO;
				GENERATE_INFOPLIST_FILE = YES;
				INFOPLIST_FILE = "Tap-iOS/Info.plist";
				INFOPLIST_KEY_NSCameraUsageDescription = "to take and share photos with your friends on Tap";
				INFOPLIST_KEY_NSLocationWhenInUseUsageDescription = "to find and post about fountains near you.";
				INFOPLIST_KEY_NSPhotoLibraryUsageDescription = "to share photos with your friends on Tap";
				INFOPLIST_KEY_UIApplicationSupportsIndirectInputEvents = YES;
				INFOPLIST_KEY_UILaunchStoryboardName = LaunchScreen;
				INFOPLIST_KEY_UIMainStoryboardFile = Main;
				INFOPLIST_KEY_UISupportedInterfaceOrientations = UIInterfaceOrientationPortrait;
				IPHONEOS_DEPLOYMENT_TARGET = 17.4;
				LD_RUNPATH_SEARCH_PATHS = (
					"$(inherited)",
					"@executable_path/Frameworks",
				);
				MARKETING_VERSION = 1.0;
				PRODUCT_BUNDLE_IDENTIFIER = "com.cmulholland.Tap-iOS";
				PRODUCT_NAME = "$(TARGET_NAME)";
				SWIFT_EMIT_LOC_STRINGS = YES;
				SWIFT_VERSION = 5.0;
				TARGETED_DEVICE_FAMILY = "1,2";
			};
			name = Debug;
		};
		0886539B2B602D4B00355D6D /* Release */ = {
			isa = XCBuildConfiguration;
			baseConfigurationReference = 12DE62DFC314FED4CF2A156D /* Pods-Tap-iOS.release.xcconfig */;
			buildSettings = {
				ASSETCATALOG_COMPILER_APPICON_NAME = "AppIcon v2";
				ASSETCATALOG_COMPILER_GLOBAL_ACCENT_COLOR_NAME = AccentColor;
				CODE_SIGN_STYLE = Automatic;
				CURRENT_PROJECT_VERSION = 1;
				DEVELOPMENT_TEAM = 38T4963794;
				ENABLE_USER_SCRIPT_SANDBOXING = NO;
				GENERATE_INFOPLIST_FILE = YES;
				INFOPLIST_FILE = "Tap-iOS/Info.plist";
				INFOPLIST_KEY_NSCameraUsageDescription = "to take and share photos with your friends on Tap";
				INFOPLIST_KEY_NSLocationWhenInUseUsageDescription = "to find and post about fountains near you.";
				INFOPLIST_KEY_NSPhotoLibraryUsageDescription = "to share photos with your friends on Tap";
				INFOPLIST_KEY_UIApplicationSupportsIndirectInputEvents = YES;
				INFOPLIST_KEY_UILaunchStoryboardName = LaunchScreen;
				INFOPLIST_KEY_UIMainStoryboardFile = Main;
				INFOPLIST_KEY_UISupportedInterfaceOrientations = UIInterfaceOrientationPortrait;
				IPHONEOS_DEPLOYMENT_TARGET = 17.4;
				LD_RUNPATH_SEARCH_PATHS = (
					"$(inherited)",
					"@executable_path/Frameworks",
				);
				MARKETING_VERSION = 1.0;
				PRODUCT_BUNDLE_IDENTIFIER = "com.cmulholland.Tap-iOS";
				PRODUCT_NAME = "$(TARGET_NAME)";
				SWIFT_EMIT_LOC_STRINGS = YES;
				SWIFT_VERSION = 5.0;
				TARGETED_DEVICE_FAMILY = "1,2";
			};
			name = Release;
		};
		0886539D2B602D4B00355D6D /* Debug */ = {
			isa = XCBuildConfiguration;
			buildSettings = {
				ALWAYS_EMBED_SWIFT_STANDARD_LIBRARIES = YES;
				BUNDLE_LOADER = "$(TEST_HOST)";
				CODE_SIGN_STYLE = Automatic;
				CURRENT_PROJECT_VERSION = 1;
				DEVELOPMENT_TEAM = 38T4963794;
				GENERATE_INFOPLIST_FILE = YES;
				IPHONEOS_DEPLOYMENT_TARGET = 17.2;
				MARKETING_VERSION = 1.0;
				PRODUCT_BUNDLE_IDENTIFIER = "com.cmulholland.Tap-iOSTests";
				PRODUCT_NAME = "$(TARGET_NAME)";
				SWIFT_EMIT_LOC_STRINGS = NO;
				SWIFT_VERSION = 5.0;
				TARGETED_DEVICE_FAMILY = "1,2";
				TEST_HOST = "$(BUILT_PRODUCTS_DIR)/Tap-iOS.app/$(BUNDLE_EXECUTABLE_FOLDER_PATH)/Tap-iOS";
			};
			name = Debug;
		};
		0886539E2B602D4B00355D6D /* Release */ = {
			isa = XCBuildConfiguration;
			buildSettings = {
				ALWAYS_EMBED_SWIFT_STANDARD_LIBRARIES = YES;
				BUNDLE_LOADER = "$(TEST_HOST)";
				CODE_SIGN_STYLE = Automatic;
				CURRENT_PROJECT_VERSION = 1;
				DEVELOPMENT_TEAM = 38T4963794;
				GENERATE_INFOPLIST_FILE = YES;
				IPHONEOS_DEPLOYMENT_TARGET = 17.2;
				MARKETING_VERSION = 1.0;
				PRODUCT_BUNDLE_IDENTIFIER = "com.cmulholland.Tap-iOSTests";
				PRODUCT_NAME = "$(TARGET_NAME)";
				SWIFT_EMIT_LOC_STRINGS = NO;
				SWIFT_VERSION = 5.0;
				TARGETED_DEVICE_FAMILY = "1,2";
				TEST_HOST = "$(BUILT_PRODUCTS_DIR)/Tap-iOS.app/$(BUNDLE_EXECUTABLE_FOLDER_PATH)/Tap-iOS";
			};
			name = Release;
		};
		088653A02B602D4B00355D6D /* Debug */ = {
			isa = XCBuildConfiguration;
			buildSettings = {
				ALWAYS_EMBED_SWIFT_STANDARD_LIBRARIES = YES;
				CODE_SIGN_STYLE = Automatic;
				CURRENT_PROJECT_VERSION = 1;
				DEVELOPMENT_TEAM = 38T4963794;
				GENERATE_INFOPLIST_FILE = YES;
				MARKETING_VERSION = 1.0;
				PRODUCT_BUNDLE_IDENTIFIER = "com.cmulholland.Tap-iOSUITests";
				PRODUCT_NAME = "$(TARGET_NAME)";
				SWIFT_EMIT_LOC_STRINGS = NO;
				SWIFT_VERSION = 5.0;
				TARGETED_DEVICE_FAMILY = "1,2";
				TEST_TARGET_NAME = "Tap-iOS";
			};
			name = Debug;
		};
		088653A12B602D4B00355D6D /* Release */ = {
			isa = XCBuildConfiguration;
			buildSettings = {
				ALWAYS_EMBED_SWIFT_STANDARD_LIBRARIES = YES;
				CODE_SIGN_STYLE = Automatic;
				CURRENT_PROJECT_VERSION = 1;
				DEVELOPMENT_TEAM = 38T4963794;
				GENERATE_INFOPLIST_FILE = YES;
				MARKETING_VERSION = 1.0;
				PRODUCT_BUNDLE_IDENTIFIER = "com.cmulholland.Tap-iOSUITests";
				PRODUCT_NAME = "$(TARGET_NAME)";
				SWIFT_EMIT_LOC_STRINGS = NO;
				SWIFT_VERSION = 5.0;
				TARGETED_DEVICE_FAMILY = "1,2";
				TEST_TARGET_NAME = "Tap-iOS";
			};
			name = Release;
		};
/* End XCBuildConfiguration section */

/* Begin XCConfigurationList section */
		0886536A2B602D4800355D6D /* Build configuration list for PBXProject "Tap-iOS" */ = {
			isa = XCConfigurationList;
			buildConfigurations = (
				088653972B602D4B00355D6D /* Debug */,
				088653982B602D4B00355D6D /* Release */,
			);
			defaultConfigurationIsVisible = 0;
			defaultConfigurationName = Release;
		};
		088653992B602D4B00355D6D /* Build configuration list for PBXNativeTarget "Tap-iOS" */ = {
			isa = XCConfigurationList;
			buildConfigurations = (
				0886539A2B602D4B00355D6D /* Debug */,
				0886539B2B602D4B00355D6D /* Release */,
			);
			defaultConfigurationIsVisible = 0;
			defaultConfigurationName = Release;
		};
		0886539C2B602D4B00355D6D /* Build configuration list for PBXNativeTarget "Tap-iOSTests" */ = {
			isa = XCConfigurationList;
			buildConfigurations = (
				0886539D2B602D4B00355D6D /* Debug */,
				0886539E2B602D4B00355D6D /* Release */,
			);
			defaultConfigurationIsVisible = 0;
			defaultConfigurationName = Release;
		};
		0886539F2B602D4B00355D6D /* Build configuration list for PBXNativeTarget "Tap-iOSUITests" */ = {
			isa = XCConfigurationList;
			buildConfigurations = (
				088653A02B602D4B00355D6D /* Debug */,
				088653A12B602D4B00355D6D /* Release */,
			);
			defaultConfigurationIsVisible = 0;
			defaultConfigurationName = Release;
		};
/* End XCConfigurationList section */
	};
	rootObject = 088653672B602D4800355D6D /* Project object */;
}
